
Microsoft Visual Studio Solution File, Format Version 12.00
# Visual Studio 15
VisualStudioVersion = 15.0.27130.2010
MinimumVisualStudioVersion = 10.0.40219.1
Project("{FAE04EC0-301F-11D3-BF4B-00C04F79EFBC}") = "TokenRegistry", "TokenRegistry\TokenRegistry.csproj", "{0E0BBFDB-7984-4A03-BC85-5AEE8C4423F5}"
EndProject
Project("{FAE04EC0-301F-11D3-BF4B-00C04F79EFBC}") = "NameRegistry", "NameRegistry\NameRegistry.csproj", "{6E5E360C-F25A-4DF2-8519-CB59E0941D75}"
EndProject
Project("{FAE04EC0-301F-11D3-BF4B-00C04F79EFBC}") = "TokenTransferDelegate", "TokenTransferDelegate\TokenTransferDelegate.csproj", "{899ACA89-4974-4A0A-B553-95E5EE92883E}"
EndProject
Global
	GlobalSection(SolutionConfigurationPlatforms) = preSolution
		Debug|Any CPU = Debug|Any CPU
		Release|Any CPU = Release|Any CPU
	EndGlobalSection
	GlobalSection(ProjectConfigurationPlatforms) = postSolution
		{0E0BBFDB-7984-4A03-BC85-5AEE8C4423F5}.Debug|Any CPU.ActiveCfg = Debug|Any CPU
		{0E0BBFDB-7984-4A03-BC85-5AEE8C4423F5}.Debug|Any CPU.Build.0 = Debug|Any CPU
		{0E0BBFDB-7984-4A03-BC85-5AEE8C4423F5}.Release|Any CPU.ActiveCfg = Release|Any CPU
		{0E0BBFDB-7984-4A03-BC85-5AEE8C4423F5}.Release|Any CPU.Build.0 = Release|Any CPU
		{6E5E360C-F25A-4DF2-8519-CB59E0941D75}.Debug|Any CPU.ActiveCfg = Debug|Any CPU
		{6E5E360C-F25A-4DF2-8519-CB59E0941D75}.Debug|Any CPU.Build.0 = Debug|Any CPU
		{6E5E360C-F25A-4DF2-8519-CB59E0941D75}.Release|Any CPU.ActiveCfg = Release|Any CPU
		{6E5E360C-F25A-4DF2-8519-CB59E0941D75}.Release|Any CPU.Build.0 = Release|Any CPU
		{899ACA89-4974-4A0A-B553-95E5EE92883E}.Debug|Any CPU.ActiveCfg = Debug|Any CPU
		{899ACA89-4974-4A0A-B553-95E5EE92883E}.Debug|Any CPU.Build.0 = Debug|Any CPU
		{899ACA89-4974-4A0A-B553-95E5EE92883E}.Release|Any CPU.ActiveCfg = Release|Any CPU
		{899ACA89-4974-4A0A-B553-95E5EE92883E}.Release|Any CPU.Build.0 = Release|Any CPU
	EndGlobalSection
	GlobalSection(SolutionProperties) = preSolution
		HideSolutionNode = FALSE
	EndGlobalSection
	GlobalSection(ExtensibilityGlobals) = postSolution
		SolutionGuid = {BB7BC393-B00D-4512-83C6-9E983A3CAF77}
	EndGlobalSection
EndGlobal
